// !$*UTF8*$!
{
	archiveVersion = 1;
	classes = {
	};
	objectVersion = 50;
	objects = {

/* Begin PBXBuildFile section */
		0F086ED522205C980058C201 /* GoogleService-Info.plist in Resources */ = {isa = PBXBuildFile; fileRef = 0F086ED422205C980058C201 /* GoogleService-Info.plist */; };
		0F09B6842229B7A20021A505 /* IBMPlexSans-SemiBoldItalic.ttf in Resources */ = {isa = PBXBuildFile; fileRef = 0F09B6752229B7A20021A505 /* IBMPlexSans-SemiBoldItalic.ttf */; };
		0F09B6852229B7A20021A505 /* IBMPlexSans-Medium.ttf in Resources */ = {isa = PBXBuildFile; fileRef = 0F09B6762229B7A20021A505 /* IBMPlexSans-Medium.ttf */; };
		0F09B6862229B7A20021A505 /* IBMPlexSans-SemiBold.ttf in Resources */ = {isa = PBXBuildFile; fileRef = 0F09B6772229B7A20021A505 /* IBMPlexSans-SemiBold.ttf */; };
		0F09B6872229B7A20021A505 /* IBMPlexSans-MediumItalic.ttf in Resources */ = {isa = PBXBuildFile; fileRef = 0F09B6782229B7A20021A505 /* IBMPlexSans-MediumItalic.ttf */; };
		0F09B6882229B7A20021A505 /* OFL.txt in Resources */ = {isa = PBXBuildFile; fileRef = 0F09B6792229B7A20021A505 /* OFL.txt */; };
		0F09B6892229B7A20021A505 /* IBMPlexSans-LightItalic.ttf in Resources */ = {isa = PBXBuildFile; fileRef = 0F09B67A2229B7A20021A505 /* IBMPlexSans-LightItalic.ttf */; };
		0F09B68A2229B7A20021A505 /* IBMPlexSans-ExtraLight.ttf in Resources */ = {isa = PBXBuildFile; fileRef = 0F09B67B2229B7A20021A505 /* IBMPlexSans-ExtraLight.ttf */; };
		0F09B68B2229B7A20021A505 /* IBMPlexSans-Thin.ttf in Resources */ = {isa = PBXBuildFile; fileRef = 0F09B67C2229B7A20021A505 /* IBMPlexSans-Thin.ttf */; };
		0F09B68C2229B7A20021A505 /* IBMPlexSans-ThinItalic.ttf in Resources */ = {isa = PBXBuildFile; fileRef = 0F09B67D2229B7A20021A505 /* IBMPlexSans-ThinItalic.ttf */; };
		0F09B68D2229B7A20021A505 /* IBMPlexSans-BoldItalic.ttf in Resources */ = {isa = PBXBuildFile; fileRef = 0F09B67E2229B7A20021A505 /* IBMPlexSans-BoldItalic.ttf */; };
		0F09B68E2229B7A20021A505 /* IBMPlexSans-Light.ttf in Resources */ = {isa = PBXBuildFile; fileRef = 0F09B67F2229B7A20021A505 /* IBMPlexSans-Light.ttf */; };
		0F09B68F2229B7A20021A505 /* IBMPlexSans-Italic.ttf in Resources */ = {isa = PBXBuildFile; fileRef = 0F09B6802229B7A20021A505 /* IBMPlexSans-Italic.ttf */; };
		0F09B6902229B7A20021A505 /* IBMPlexSans-Regular.ttf in Resources */ = {isa = PBXBuildFile; fileRef = 0F09B6812229B7A20021A505 /* IBMPlexSans-Regular.ttf */; };
		0F09B6912229B7A20021A505 /* IBMPlexSans-ExtraLightItalic.ttf in Resources */ = {isa = PBXBuildFile; fileRef = 0F09B6822229B7A20021A505 /* IBMPlexSans-ExtraLightItalic.ttf */; };
		0F09B6922229B7A20021A505 /* IBMPlexSans-Bold.ttf in Resources */ = {isa = PBXBuildFile; fileRef = 0F09B6832229B7A20021A505 /* IBMPlexSans-Bold.ttf */; };
		0F0B10812225949900664D7D /* TabBarController.swift in Sources */ = {isa = PBXBuildFile; fileRef = 0F0B10802225949900664D7D /* TabBarController.swift */; };
		0F0B10832225950C00664D7D /* MessagesViewController.swift in Sources */ = {isa = PBXBuildFile; fileRef = 0F0B10822225950C00664D7D /* MessagesViewController.swift */; };
		0F0B10852225956300664D7D /* SearchViewController.swift in Sources */ = {isa = PBXBuildFile; fileRef = 0F0B10842225956300664D7D /* SearchViewController.swift */; };
		0F0B10872225957100664D7D /* SettingsViewController.swift in Sources */ = {isa = PBXBuildFile; fileRef = 0F0B10862225957100664D7D /* SettingsViewController.swift */; };
		0F0B10892225EA6500664D7D /* CreateGroupVC.swift in Sources */ = {isa = PBXBuildFile; fileRef = 0F0B10882225EA6500664D7D /* CreateGroupVC.swift */; };
		0F0B108C2227214600664D7D /* UserModel.swift in Sources */ = {isa = PBXBuildFile; fileRef = 0F0B108B2227214600664D7D /* UserModel.swift */; };
		0F1203D82227C96400BA0DAC /* GroupsModel.swift in Sources */ = {isa = PBXBuildFile; fileRef = 0F1203D72227C96400BA0DAC /* GroupsModel.swift */; };
		0F1203DA222822D600BA0DAC /* AddUserVC.swift in Sources */ = {isa = PBXBuildFile; fileRef = 0F1203D9222822D600BA0DAC /* AddUserVC.swift */; };
		0F1203DC2228405D00BA0DAC /* ChatMessageCells.swift in Sources */ = {isa = PBXBuildFile; fileRef = 0F1203DB2228405D00BA0DAC /* ChatMessageCells.swift */; };
		0F1203DE222864CE00BA0DAC /* ChatScreenVC.swift in Sources */ = {isa = PBXBuildFile; fileRef = 0F1203DD222864CE00BA0DAC /* ChatScreenVC.swift */; };
		0F1203E0222912F900BA0DAC /* MessagesModel.swift in Sources */ = {isa = PBXBuildFile; fileRef = 0F1203DF222912F900BA0DAC /* MessagesModel.swift */; };
		0F1203E22229246800BA0DAC /* Utils.swift in Sources */ = {isa = PBXBuildFile; fileRef = 0F1203E12229246800BA0DAC /* Utils.swift */; };
		0F226782221DFEA60052BB21 /* AppDelegate.swift in Sources */ = {isa = PBXBuildFile; fileRef = 0F226781221DFEA60052BB21 /* AppDelegate.swift */; };
		0F226784221DFEA60052BB21 /* ViewController.swift in Sources */ = {isa = PBXBuildFile; fileRef = 0F226783221DFEA60052BB21 /* ViewController.swift */; };
		0F226787221DFEA60052BB21 /* Main.storyboard in Resources */ = {isa = PBXBuildFile; fileRef = 0F226785221DFEA60052BB21 /* Main.storyboard */; };
		0F22678A221DFEA60052BB21 /* Connect.xcdatamodeld in Sources */ = {isa = PBXBuildFile; fileRef = 0F226788221DFEA60052BB21 /* Connect.xcdatamodeld */; };
		0F22678C221DFEA80052BB21 /* Assets.xcassets in Resources */ = {isa = PBXBuildFile; fileRef = 0F22678B221DFEA80052BB21 /* Assets.xcassets */; };
		0F22678F221DFEA80052BB21 /* LaunchScreen.storyboard in Resources */ = {isa = PBXBuildFile; fileRef = 0F22678D221DFEA80052BB21 /* LaunchScreen.storyboard */; };
		0F22679A221DFEA80052BB21 /* ConnectTests.swift in Sources */ = {isa = PBXBuildFile; fileRef = 0F226799221DFEA80052BB21 /* ConnectTests.swift */; };
		0F2267A5221DFEA80052BB21 /* ConnectUITests.swift in Sources */ = {isa = PBXBuildFile; fileRef = 0F2267A4221DFEA80052BB21 /* ConnectUITests.swift */; };
		0F2267B4221E00A20052BB21 /* LoginVC.swift in Sources */ = {isa = PBXBuildFile; fileRef = 0F2267B3221E00A20052BB21 /* LoginVC.swift */; };
		0F2267B6221E7A230052BB21 /* SignupVC.swift in Sources */ = {isa = PBXBuildFile; fileRef = 0F2267B5221E7A230052BB21 /* SignupVC.swift */; };
		0F4D661E225722630071EE94 /* ToDoListVC.swift in Sources */ = {isa = PBXBuildFile; fileRef = 0F4D661D225722620071EE94 /* ToDoListVC.swift */; };
		0F4D66212257885A0071EE94 /* ToDoModel.swift in Sources */ = {isa = PBXBuildFile; fileRef = 0F4D66202257885A0071EE94 /* ToDoModel.swift */; };
		0F5372532244DCD50011683C /* NotesVC.swift in Sources */ = {isa = PBXBuildFile; fileRef = 0F5372522244DCD50011683C /* NotesVC.swift */; };
		59B681D9C6D3006861796F43 /* Pods_ConnectTests.framework in Frameworks */ = {isa = PBXBuildFile; fileRef = 549BB64619CC9F0AD80291E2 /* Pods_ConnectTests.framework */; };
		86AFF189E2EAF7A80212E904 /* Pods_Connect.framework in Frameworks */ = {isa = PBXBuildFile; fileRef = 30C27C8E481DAA0D9A7DD6AD /* Pods_Connect.framework */; };
		D766F82E8B15FAB0E58CDA78 /* Pods_ConnectUITests.framework in Frameworks */ = {isa = PBXBuildFile; fileRef = AE87AA7F2A6F5E3733587D6C /* Pods_ConnectUITests.framework */; };
/* End PBXBuildFile section */

/* Begin PBXContainerItemProxy section */
		0F226796221DFEA80052BB21 /* PBXContainerItemProxy */ = {
			isa = PBXContainerItemProxy;
			containerPortal = 0F226776221DFEA60052BB21 /* Project object */;
			proxyType = 1;
			remoteGlobalIDString = 0F22677D221DFEA60052BB21;
			remoteInfo = Connect;
		};
		0F2267A1221DFEA80052BB21 /* PBXContainerItemProxy */ = {
			isa = PBXContainerItemProxy;
			containerPortal = 0F226776221DFEA60052BB21 /* Project object */;
			proxyType = 1;
			remoteGlobalIDString = 0F22677D221DFEA60052BB21;
			remoteInfo = Connect;
		};
/* End PBXContainerItemProxy section */

/* Begin PBXFileReference section */
		0F086ED422205C980058C201 /* GoogleService-Info.plist */ = {isa = PBXFileReference; fileEncoding = 4; lastKnownFileType = text.plist.xml; path = "GoogleService-Info.plist"; sourceTree = "<group>"; };
		0F09B6752229B7A20021A505 /* IBMPlexSans-SemiBoldItalic.ttf */ = {isa = PBXFileReference; lastKnownFileType = file; path = "IBMPlexSans-SemiBoldItalic.ttf"; sourceTree = "<group>"; };
		0F09B6762229B7A20021A505 /* IBMPlexSans-Medium.ttf */ = {isa = PBXFileReference; lastKnownFileType = file; path = "IBMPlexSans-Medium.ttf"; sourceTree = "<group>"; };
		0F09B6772229B7A20021A505 /* IBMPlexSans-SemiBold.ttf */ = {isa = PBXFileReference; lastKnownFileType = file; path = "IBMPlexSans-SemiBold.ttf"; sourceTree = "<group>"; };
		0F09B6782229B7A20021A505 /* IBMPlexSans-MediumItalic.ttf */ = {isa = PBXFileReference; lastKnownFileType = file; path = "IBMPlexSans-MediumItalic.ttf"; sourceTree = "<group>"; };
		0F09B6792229B7A20021A505 /* OFL.txt */ = {isa = PBXFileReference; fileEncoding = 4; lastKnownFileType = text; path = OFL.txt; sourceTree = "<group>"; };
		0F09B67A2229B7A20021A505 /* IBMPlexSans-LightItalic.ttf */ = {isa = PBXFileReference; lastKnownFileType = file; path = "IBMPlexSans-LightItalic.ttf"; sourceTree = "<group>"; };
		0F09B67B2229B7A20021A505 /* IBMPlexSans-ExtraLight.ttf */ = {isa = PBXFileReference; lastKnownFileType = file; path = "IBMPlexSans-ExtraLight.ttf"; sourceTree = "<group>"; };
		0F09B67C2229B7A20021A505 /* IBMPlexSans-Thin.ttf */ = {isa = PBXFileReference; lastKnownFileType = file; path = "IBMPlexSans-Thin.ttf"; sourceTree = "<group>"; };
		0F09B67D2229B7A20021A505 /* IBMPlexSans-ThinItalic.ttf */ = {isa = PBXFileReference; lastKnownFileType = file; path = "IBMPlexSans-ThinItalic.ttf"; sourceTree = "<group>"; };
		0F09B67E2229B7A20021A505 /* IBMPlexSans-BoldItalic.ttf */ = {isa = PBXFileReference; lastKnownFileType = file; path = "IBMPlexSans-BoldItalic.ttf"; sourceTree = "<group>"; };
		0F09B67F2229B7A20021A505 /* IBMPlexSans-Light.ttf */ = {isa = PBXFileReference; lastKnownFileType = file; path = "IBMPlexSans-Light.ttf"; sourceTree = "<group>"; };
		0F09B6802229B7A20021A505 /* IBMPlexSans-Italic.ttf */ = {isa = PBXFileReference; lastKnownFileType = file; path = "IBMPlexSans-Italic.ttf"; sourceTree = "<group>"; };
		0F09B6812229B7A20021A505 /* IBMPlexSans-Regular.ttf */ = {isa = PBXFileReference; lastKnownFileType = file; path = "IBMPlexSans-Regular.ttf"; sourceTree = "<group>"; };
		0F09B6822229B7A20021A505 /* IBMPlexSans-ExtraLightItalic.ttf */ = {isa = PBXFileReference; lastKnownFileType = file; path = "IBMPlexSans-ExtraLightItalic.ttf"; sourceTree = "<group>"; };
		0F09B6832229B7A20021A505 /* IBMPlexSans-Bold.ttf */ = {isa = PBXFileReference; lastKnownFileType = file; path = "IBMPlexSans-Bold.ttf"; sourceTree = "<group>"; };
		0F0B10802225949900664D7D /* TabBarController.swift */ = {isa = PBXFileReference; lastKnownFileType = sourcecode.swift; path = TabBarController.swift; sourceTree = "<group>"; };
		0F0B10822225950C00664D7D /* MessagesViewController.swift */ = {isa = PBXFileReference; lastKnownFileType = sourcecode.swift; path = MessagesViewController.swift; sourceTree = "<group>"; };
		0F0B10842225956300664D7D /* SearchViewController.swift */ = {isa = PBXFileReference; lastKnownFileType = sourcecode.swift; path = SearchViewController.swift; sourceTree = "<group>"; };
		0F0B10862225957100664D7D /* SettingsViewController.swift */ = {isa = PBXFileReference; lastKnownFileType = sourcecode.swift; path = SettingsViewController.swift; sourceTree = "<group>"; };
		0F0B10882225EA6500664D7D /* CreateGroupVC.swift */ = {isa = PBXFileReference; lastKnownFileType = sourcecode.swift; path = CreateGroupVC.swift; sourceTree = "<group>"; };
		0F0B108B2227214600664D7D /* UserModel.swift */ = {isa = PBXFileReference; lastKnownFileType = sourcecode.swift; path = UserModel.swift; sourceTree = "<group>"; };
		0F1203D72227C96400BA0DAC /* GroupsModel.swift */ = {isa = PBXFileReference; lastKnownFileType = sourcecode.swift; path = GroupsModel.swift; sourceTree = "<group>"; };
		0F1203D9222822D600BA0DAC /* AddUserVC.swift */ = {isa = PBXFileReference; lastKnownFileType = sourcecode.swift; path = AddUserVC.swift; sourceTree = "<group>"; };
		0F1203DB2228405D00BA0DAC /* ChatMessageCells.swift */ = {isa = PBXFileReference; lastKnownFileType = sourcecode.swift; path = ChatMessageCells.swift; sourceTree = "<group>"; };
		0F1203DD222864CE00BA0DAC /* ChatScreenVC.swift */ = {isa = PBXFileReference; lastKnownFileType = sourcecode.swift; path = ChatScreenVC.swift; sourceTree = "<group>"; };
		0F1203DF222912F900BA0DAC /* MessagesModel.swift */ = {isa = PBXFileReference; lastKnownFileType = sourcecode.swift; path = MessagesModel.swift; sourceTree = "<group>"; };
		0F1203E12229246800BA0DAC /* Utils.swift */ = {isa = PBXFileReference; lastKnownFileType = sourcecode.swift; path = Utils.swift; sourceTree = "<group>"; };
		0F22677E221DFEA60052BB21 /* Connect.app */ = {isa = PBXFileReference; explicitFileType = wrapper.application; includeInIndex = 0; path = Connect.app; sourceTree = BUILT_PRODUCTS_DIR; };
		0F226781221DFEA60052BB21 /* AppDelegate.swift */ = {isa = PBXFileReference; lastKnownFileType = sourcecode.swift; path = AppDelegate.swift; sourceTree = "<group>"; };
		0F226783221DFEA60052BB21 /* ViewController.swift */ = {isa = PBXFileReference; lastKnownFileType = sourcecode.swift; path = ViewController.swift; sourceTree = "<group>"; };
		0F226786221DFEA60052BB21 /* Base */ = {isa = PBXFileReference; lastKnownFileType = file.storyboard; name = Base; path = Base.lproj/Main.storyboard; sourceTree = "<group>"; };
		0F226789221DFEA60052BB21 /* Connect.xcdatamodel */ = {isa = PBXFileReference; lastKnownFileType = wrapper.xcdatamodel; path = Connect.xcdatamodel; sourceTree = "<group>"; };
		0F22678B221DFEA80052BB21 /* Assets.xcassets */ = {isa = PBXFileReference; lastKnownFileType = folder.assetcatalog; path = Assets.xcassets; sourceTree = "<group>"; };
		0F22678E221DFEA80052BB21 /* Base */ = {isa = PBXFileReference; lastKnownFileType = file.storyboard; name = Base; path = Base.lproj/LaunchScreen.storyboard; sourceTree = "<group>"; };
		0F226790221DFEA80052BB21 /* Info.plist */ = {isa = PBXFileReference; lastKnownFileType = text.plist.xml; path = Info.plist; sourceTree = "<group>"; };
		0F226795221DFEA80052BB21 /* ConnectTests.xctest */ = {isa = PBXFileReference; explicitFileType = wrapper.cfbundle; includeInIndex = 0; path = ConnectTests.xctest; sourceTree = BUILT_PRODUCTS_DIR; };
		0F226799221DFEA80052BB21 /* ConnectTests.swift */ = {isa = PBXFileReference; lastKnownFileType = sourcecode.swift; path = ConnectTests.swift; sourceTree = "<group>"; };
		0F22679B221DFEA80052BB21 /* Info.plist */ = {isa = PBXFileReference; lastKnownFileType = text.plist.xml; path = Info.plist; sourceTree = "<group>"; };
		0F2267A0221DFEA80052BB21 /* ConnectUITests.xctest */ = {isa = PBXFileReference; explicitFileType = wrapper.cfbundle; includeInIndex = 0; path = ConnectUITests.xctest; sourceTree = BUILT_PRODUCTS_DIR; };
		0F2267A4221DFEA80052BB21 /* ConnectUITests.swift */ = {isa = PBXFileReference; lastKnownFileType = sourcecode.swift; path = ConnectUITests.swift; sourceTree = "<group>"; };
		0F2267A6221DFEA80052BB21 /* Info.plist */ = {isa = PBXFileReference; lastKnownFileType = text.plist.xml; path = Info.plist; sourceTree = "<group>"; };
		0F2267B3221E00A20052BB21 /* LoginVC.swift */ = {isa = PBXFileReference; lastKnownFileType = sourcecode.swift; path = LoginVC.swift; sourceTree = "<group>"; };
		0F2267B5221E7A230052BB21 /* SignupVC.swift */ = {isa = PBXFileReference; lastKnownFileType = sourcecode.swift; path = SignupVC.swift; sourceTree = "<group>"; };
		0F4D661D225722620071EE94 /* ToDoListVC.swift */ = {isa = PBXFileReference; lastKnownFileType = sourcecode.swift; path = ToDoListVC.swift; sourceTree = "<group>"; };
		0F4D66202257885A0071EE94 /* ToDoModel.swift */ = {isa = PBXFileReference; lastKnownFileType = sourcecode.swift; path = ToDoModel.swift; sourceTree = "<group>"; };
		0F5372522244DCD50011683C /* NotesVC.swift */ = {isa = PBXFileReference; lastKnownFileType = sourcecode.swift; path = NotesVC.swift; sourceTree = "<group>"; };
		30C27C8E481DAA0D9A7DD6AD /* Pods_Connect.framework */ = {isa = PBXFileReference; explicitFileType = wrapper.framework; includeInIndex = 0; path = Pods_Connect.framework; sourceTree = BUILT_PRODUCTS_DIR; };
		51CB5E7B8B7EDD6A7B3C7B21 /* Pods-Connect.release.xcconfig */ = {isa = PBXFileReference; includeInIndex = 1; lastKnownFileType = text.xcconfig; name = "Pods-Connect.release.xcconfig"; path = "Pods/Target Support Files/Pods-Connect/Pods-Connect.release.xcconfig"; sourceTree = "<group>"; };
		53246C6DF1B52BD4E303172B /* Pods-ConnectUITests.debug.xcconfig */ = {isa = PBXFileReference; includeInIndex = 1; lastKnownFileType = text.xcconfig; name = "Pods-ConnectUITests.debug.xcconfig"; path = "Pods/Target Support Files/Pods-ConnectUITests/Pods-ConnectUITests.debug.xcconfig"; sourceTree = "<group>"; };
		549BB64619CC9F0AD80291E2 /* Pods_ConnectTests.framework */ = {isa = PBXFileReference; explicitFileType = wrapper.framework; includeInIndex = 0; path = Pods_ConnectTests.framework; sourceTree = BUILT_PRODUCTS_DIR; };
		6DFC0D6E02482AD532A1DA44 /* Pods-Connect.debug.xcconfig */ = {isa = PBXFileReference; includeInIndex = 1; lastKnownFileType = text.xcconfig; name = "Pods-Connect.debug.xcconfig"; path = "Pods/Target Support Files/Pods-Connect/Pods-Connect.debug.xcconfig"; sourceTree = "<group>"; };
		86E2C19454456E4FA7FDCD74 /* Pods-ConnectUITests.release.xcconfig */ = {isa = PBXFileReference; includeInIndex = 1; lastKnownFileType = text.xcconfig; name = "Pods-ConnectUITests.release.xcconfig"; path = "Pods/Target Support Files/Pods-ConnectUITests/Pods-ConnectUITests.release.xcconfig"; sourceTree = "<group>"; };
		ABCE94518AB2E913DCFDA1A2 /* Pods-ConnectTests.debug.xcconfig */ = {isa = PBXFileReference; includeInIndex = 1; lastKnownFileType = text.xcconfig; name = "Pods-ConnectTests.debug.xcconfig"; path = "Pods/Target Support Files/Pods-ConnectTests/Pods-ConnectTests.debug.xcconfig"; sourceTree = "<group>"; };
		AE87AA7F2A6F5E3733587D6C /* Pods_ConnectUITests.framework */ = {isa = PBXFileReference; explicitFileType = wrapper.framework; includeInIndex = 0; path = Pods_ConnectUITests.framework; sourceTree = BUILT_PRODUCTS_DIR; };
		F04110C0FF1DA9AD248FFD8D /* Pods-ConnectTests.release.xcconfig */ = {isa = PBXFileReference; includeInIndex = 1; lastKnownFileType = text.xcconfig; name = "Pods-ConnectTests.release.xcconfig"; path = "Pods/Target Support Files/Pods-ConnectTests/Pods-ConnectTests.release.xcconfig"; sourceTree = "<group>"; };
/* End PBXFileReference section */

/* Begin PBXFrameworksBuildPhase section */
		0F22677B221DFEA60052BB21 /* Frameworks */ = {
			isa = PBXFrameworksBuildPhase;
			buildActionMask = 2147483647;
			files = (
				86AFF189E2EAF7A80212E904 /* Pods_Connect.framework in Frameworks */,
			);
			runOnlyForDeploymentPostprocessing = 0;
		};
		0F226792221DFEA80052BB21 /* Frameworks */ = {
			isa = PBXFrameworksBuildPhase;
			buildActionMask = 2147483647;
			files = (
				59B681D9C6D3006861796F43 /* Pods_ConnectTests.framework in Frameworks */,
			);
			runOnlyForDeploymentPostprocessing = 0;
		};
		0F22679D221DFEA80052BB21 /* Frameworks */ = {
			isa = PBXFrameworksBuildPhase;
			buildActionMask = 2147483647;
			files = (
				D766F82E8B15FAB0E58CDA78 /* Pods_ConnectUITests.framework in Frameworks */,
			);
			runOnlyForDeploymentPostprocessing = 0;
		};
/* End PBXFrameworksBuildPhase section */

/* Begin PBXGroup section */
		0F09B6742229B7A20021A505 /* IBM_Plex_Sans */ = {
			isa = PBXGroup;
			children = (
				0F09B6752229B7A20021A505 /* IBMPlexSans-SemiBoldItalic.ttf */,
				0F09B6762229B7A20021A505 /* IBMPlexSans-Medium.ttf */,
				0F09B6772229B7A20021A505 /* IBMPlexSans-SemiBold.ttf */,
				0F09B6782229B7A20021A505 /* IBMPlexSans-MediumItalic.ttf */,
				0F09B6792229B7A20021A505 /* OFL.txt */,
				0F09B67A2229B7A20021A505 /* IBMPlexSans-LightItalic.ttf */,
				0F09B67B2229B7A20021A505 /* IBMPlexSans-ExtraLight.ttf */,
				0F09B67C2229B7A20021A505 /* IBMPlexSans-Thin.ttf */,
				0F09B67D2229B7A20021A505 /* IBMPlexSans-ThinItalic.ttf */,
				0F09B67E2229B7A20021A505 /* IBMPlexSans-BoldItalic.ttf */,
				0F09B67F2229B7A20021A505 /* IBMPlexSans-Light.ttf */,
				0F09B6802229B7A20021A505 /* IBMPlexSans-Italic.ttf */,
				0F09B6812229B7A20021A505 /* IBMPlexSans-Regular.ttf */,
				0F09B6822229B7A20021A505 /* IBMPlexSans-ExtraLightItalic.ttf */,
				0F09B6832229B7A20021A505 /* IBMPlexSans-Bold.ttf */,
			);
			path = IBM_Plex_Sans;
			sourceTree = "<group>";
		};
		0F0B108A2227211600664D7D /* Model */ = {
			isa = PBXGroup;
			children = (
				0F0B108B2227214600664D7D /* UserModel.swift */,
				0F1203D72227C96400BA0DAC /* GroupsModel.swift */,
				0F1203DF222912F900BA0DAC /* MessagesModel.swift */,
				0F4D66202257885A0071EE94 /* ToDoModel.swift */,
			);
			path = Model;
			sourceTree = "<group>";
		};
		0F226775221DFEA60052BB21 = {
			isa = PBXGroup;
			children = (
				0F226780221DFEA60052BB21 /* Connect */,
				0F226798221DFEA80052BB21 /* ConnectTests */,
				0F2267A3221DFEA80052BB21 /* ConnectUITests */,
				0F22677F221DFEA60052BB21 /* Products */,
				28B0E2B67E6152A605E55A39 /* Pods */,
				48CA3379679CAC353A5AB386 /* Frameworks */,
			);
			sourceTree = "<group>";
		};
		0F22677F221DFEA60052BB21 /* Products */ = {
			isa = PBXGroup;
			children = (
				0F22677E221DFEA60052BB21 /* Connect.app */,
				0F226795221DFEA80052BB21 /* ConnectTests.xctest */,
				0F2267A0221DFEA80052BB21 /* ConnectUITests.xctest */,
			);
			name = Products;
			sourceTree = "<group>";
		};
		0F226780221DFEA60052BB21 /* Connect */ = {
			isa = PBXGroup;
			children = (
				0F09B6742229B7A20021A505 /* IBM_Plex_Sans */,
				0F0B108A2227211600664D7D /* Model */,
				0F2267B2221E007D0052BB21 /* Controller */,
				0F226781221DFEA60052BB21 /* AppDelegate.swift */,
				0F226783221DFEA60052BB21 /* ViewController.swift */,
				0F226785221DFEA60052BB21 /* Main.storyboard */,
				0F22678B221DFEA80052BB21 /* Assets.xcassets */,
				0F22678D221DFEA80052BB21 /* LaunchScreen.storyboard */,
				0F226790221DFEA80052BB21 /* Info.plist */,
				0F086ED422205C980058C201 /* GoogleService-Info.plist */,
				0F226788221DFEA60052BB21 /* Connect.xcdatamodeld */,
				0F1203E12229246800BA0DAC /* Utils.swift */,
			);
			path = Connect;
			sourceTree = "<group>";
		};
		0F226798221DFEA80052BB21 /* ConnectTests */ = {
			isa = PBXGroup;
			children = (
				0F226799221DFEA80052BB21 /* ConnectTests.swift */,
				0F22679B221DFEA80052BB21 /* Info.plist */,
			);
			path = ConnectTests;
			sourceTree = "<group>";
		};
		0F2267A3221DFEA80052BB21 /* ConnectUITests */ = {
			isa = PBXGroup;
			children = (
				0F2267A4221DFEA80052BB21 /* ConnectUITests.swift */,
				0F2267A6221DFEA80052BB21 /* Info.plist */,
			);
			path = ConnectUITests;
			sourceTree = "<group>";
		};
		0F2267B2221E007D0052BB21 /* Controller */ = {
			isa = PBXGroup;
			children = (
				0F4D661F225723C50071EE94 /* ToDoList */,
				0F1203D9222822D600BA0DAC /* AddUserVC.swift */,
				0F1203DB2228405D00BA0DAC /* ChatMessageCells.swift */,
				0F0B10882225EA6500664D7D /* CreateGroupVC.swift */,
				0F1203DD222864CE00BA0DAC /* ChatScreenVC.swift */,
				0F2267B3221E00A20052BB21 /* LoginVC.swift */,
				0F0B10822225950C00664D7D /* MessagesViewController.swift */,
				0F0B10842225956300664D7D /* SearchViewController.swift */,
				0F0B10862225957100664D7D /* SettingsViewController.swift */,
				0F2267B5221E7A230052BB21 /* SignupVC.swift */,
				0F0B10802225949900664D7D /* TabBarController.swift */,
				0F5372522244DCD50011683C /* NotesVC.swift */,
			);
			path = Controller;
			sourceTree = "<group>";
		};
		0F4D661F225723C50071EE94 /* ToDoList */ = {
			isa = PBXGroup;
			children = (
				0F4D661D225722620071EE94 /* ToDoListVC.swift */,
			);
			path = ToDoList;
			sourceTree = "<group>";
		};
		28B0E2B67E6152A605E55A39 /* Pods */ = {
			isa = PBXGroup;
			children = (
				6DFC0D6E02482AD532A1DA44 /* Pods-Connect.debug.xcconfig */,
				51CB5E7B8B7EDD6A7B3C7B21 /* Pods-Connect.release.xcconfig */,
				ABCE94518AB2E913DCFDA1A2 /* Pods-ConnectTests.debug.xcconfig */,
				F04110C0FF1DA9AD248FFD8D /* Pods-ConnectTests.release.xcconfig */,
				53246C6DF1B52BD4E303172B /* Pods-ConnectUITests.debug.xcconfig */,
				86E2C19454456E4FA7FDCD74 /* Pods-ConnectUITests.release.xcconfig */,
			);
			name = Pods;
			sourceTree = "<group>";
		};
		48CA3379679CAC353A5AB386 /* Frameworks */ = {
			isa = PBXGroup;
			children = (
				30C27C8E481DAA0D9A7DD6AD /* Pods_Connect.framework */,
				549BB64619CC9F0AD80291E2 /* Pods_ConnectTests.framework */,
				AE87AA7F2A6F5E3733587D6C /* Pods_ConnectUITests.framework */,
			);
			name = Frameworks;
			sourceTree = "<group>";
		};
/* End PBXGroup section */

/* Begin PBXNativeTarget section */
		0F22677D221DFEA60052BB21 /* Connect */ = {
			isa = PBXNativeTarget;
			buildConfigurationList = 0F2267A9221DFEA80052BB21 /* Build configuration list for PBXNativeTarget "Connect" */;
			buildPhases = (
				DD058302D0395F8A96B7319B /* [CP] Check Pods Manifest.lock */,
				0F22677A221DFEA60052BB21 /* Sources */,
				0F22677B221DFEA60052BB21 /* Frameworks */,
				0F22677C221DFEA60052BB21 /* Resources */,
				3C368A57B4F371058B681833 /* [CP] Embed Pods Frameworks */,
			);
			buildRules = (
			);
			dependencies = (
			);
			name = Connect;
			productName = Connect;
			productReference = 0F22677E221DFEA60052BB21 /* Connect.app */;
			productType = "com.apple.product-type.application";
		};
		0F226794221DFEA80052BB21 /* ConnectTests */ = {
			isa = PBXNativeTarget;
			buildConfigurationList = 0F2267AC221DFEA80052BB21 /* Build configuration list for PBXNativeTarget "ConnectTests" */;
			buildPhases = (
				0320BEB5C845CAD6D0733EA1 /* [CP] Check Pods Manifest.lock */,
				0F226791221DFEA80052BB21 /* Sources */,
				0F226792221DFEA80052BB21 /* Frameworks */,
				0F226793221DFEA80052BB21 /* Resources */,
			);
			buildRules = (
			);
			dependencies = (
				0F226797221DFEA80052BB21 /* PBXTargetDependency */,
			);
			name = ConnectTests;
			productName = ConnectTests;
			productReference = 0F226795221DFEA80052BB21 /* ConnectTests.xctest */;
			productType = "com.apple.product-type.bundle.unit-test";
		};
		0F22679F221DFEA80052BB21 /* ConnectUITests */ = {
			isa = PBXNativeTarget;
			buildConfigurationList = 0F2267AF221DFEA80052BB21 /* Build configuration list for PBXNativeTarget "ConnectUITests" */;
			buildPhases = (
				13137CD7217C451DFCEDD637 /* [CP] Check Pods Manifest.lock */,
				0F22679C221DFEA80052BB21 /* Sources */,
				0F22679D221DFEA80052BB21 /* Frameworks */,
				0F22679E221DFEA80052BB21 /* Resources */,
			);
			buildRules = (
			);
			dependencies = (
				0F2267A2221DFEA80052BB21 /* PBXTargetDependency */,
			);
			name = ConnectUITests;
			productName = ConnectUITests;
			productReference = 0F2267A0221DFEA80052BB21 /* ConnectUITests.xctest */;
			productType = "com.apple.product-type.bundle.ui-testing";
		};
/* End PBXNativeTarget section */

/* Begin PBXProject section */
		0F226776221DFEA60052BB21 /* Project object */ = {
			isa = PBXProject;
			attributes = {
				LastSwiftUpdateCheck = 1000;
				LastUpgradeCheck = 1000;
				ORGANIZATIONNAME = "Subham Padhi";
				TargetAttributes = {
					0F22677D221DFEA60052BB21 = {
						CreatedOnToolsVersion = 10.0;
					};
					0F226794221DFEA80052BB21 = {
						CreatedOnToolsVersion = 10.0;
						TestTargetID = 0F22677D221DFEA60052BB21;
					};
					0F22679F221DFEA80052BB21 = {
						CreatedOnToolsVersion = 10.0;
						TestTargetID = 0F22677D221DFEA60052BB21;
					};
				};
			};
			buildConfigurationList = 0F226779221DFEA60052BB21 /* Build configuration list for PBXProject "Connect" */;
			compatibilityVersion = "Xcode 9.3";
			developmentRegion = en;
			hasScannedForEncodings = 0;
			knownRegions = (
				en,
				Base,
			);
			mainGroup = 0F226775221DFEA60052BB21;
			productRefGroup = 0F22677F221DFEA60052BB21 /* Products */;
			projectDirPath = "";
			projectRoot = "";
			targets = (
				0F22677D221DFEA60052BB21 /* Connect */,
				0F226794221DFEA80052BB21 /* ConnectTests */,
				0F22679F221DFEA80052BB21 /* ConnectUITests */,
			);
		};
/* End PBXProject section */

/* Begin PBXResourcesBuildPhase section */
		0F22677C221DFEA60052BB21 /* Resources */ = {
			isa = PBXResourcesBuildPhase;
			buildActionMask = 2147483647;
			files = (
				0F09B6902229B7A20021A505 /* IBMPlexSans-Regular.ttf in Resources */,
				0F09B68E2229B7A20021A505 /* IBMPlexSans-Light.ttf in Resources */,
				0F09B6892229B7A20021A505 /* IBMPlexSans-LightItalic.ttf in Resources */,
				0F09B6852229B7A20021A505 /* IBMPlexSans-Medium.ttf in Resources */,
				0F09B68C2229B7A20021A505 /* IBMPlexSans-ThinItalic.ttf in Resources */,
				0F09B6842229B7A20021A505 /* IBMPlexSans-SemiBoldItalic.ttf in Resources */,
				0F09B6912229B7A20021A505 /* IBMPlexSans-ExtraLightItalic.ttf in Resources */,
				0F09B68D2229B7A20021A505 /* IBMPlexSans-BoldItalic.ttf in Resources */,
				0F09B6872229B7A20021A505 /* IBMPlexSans-MediumItalic.ttf in Resources */,
				0F09B6882229B7A20021A505 /* OFL.txt in Resources */,
				0F09B6922229B7A20021A505 /* IBMPlexSans-Bold.ttf in Resources */,
				0F09B68A2229B7A20021A505 /* IBMPlexSans-ExtraLight.ttf in Resources */,
				0F09B6862229B7A20021A505 /* IBMPlexSans-SemiBold.ttf in Resources */,
				0F22678F221DFEA80052BB21 /* LaunchScreen.storyboard in Resources */,
				0F09B68F2229B7A20021A505 /* IBMPlexSans-Italic.ttf in Resources */,
				0F086ED522205C980058C201 /* GoogleService-Info.plist in Resources */,
				0F22678C221DFEA80052BB21 /* Assets.xcassets in Resources */,
				0F09B68B2229B7A20021A505 /* IBMPlexSans-Thin.ttf in Resources */,
				0F226787221DFEA60052BB21 /* Main.storyboard in Resources */,
			);
			runOnlyForDeploymentPostprocessing = 0;
		};
		0F226793221DFEA80052BB21 /* Resources */ = {
			isa = PBXResourcesBuildPhase;
			buildActionMask = 2147483647;
			files = (
			);
			runOnlyForDeploymentPostprocessing = 0;
		};
		0F22679E221DFEA80052BB21 /* Resources */ = {
			isa = PBXResourcesBuildPhase;
			buildActionMask = 2147483647;
			files = (
			);
			runOnlyForDeploymentPostprocessing = 0;
		};
/* End PBXResourcesBuildPhase section */

/* Begin PBXShellScriptBuildPhase section */
		0320BEB5C845CAD6D0733EA1 /* [CP] Check Pods Manifest.lock */ = {
			isa = PBXShellScriptBuildPhase;
			buildActionMask = 2147483647;
			files = (
			);
			inputPaths = (
				"${PODS_PODFILE_DIR_PATH}/Podfile.lock",
				"${PODS_ROOT}/Manifest.lock",
			);
			name = "[CP] Check Pods Manifest.lock";
			outputPaths = (
				"$(DERIVED_FILE_DIR)/Pods-ConnectTests-checkManifestLockResult.txt",
			);
			runOnlyForDeploymentPostprocessing = 0;
			shellPath = /bin/sh;
			shellScript = "diff \"${PODS_PODFILE_DIR_PATH}/Podfile.lock\" \"${PODS_ROOT}/Manifest.lock\" > /dev/null\nif [ $? != 0 ] ; then\n    # print error to STDERR\n    echo \"error: The sandbox is not in sync with the Podfile.lock. Run 'pod install' or update your CocoaPods installation.\" >&2\n    exit 1\nfi\n# This output is used by Xcode 'outputs' to avoid re-running this script phase.\necho \"SUCCESS\" > \"${SCRIPT_OUTPUT_FILE_0}\"\n";
			showEnvVarsInLog = 0;
		};
		13137CD7217C451DFCEDD637 /* [CP] Check Pods Manifest.lock */ = {
			isa = PBXShellScriptBuildPhase;
			buildActionMask = 2147483647;
			files = (
			);
			inputPaths = (
				"${PODS_PODFILE_DIR_PATH}/Podfile.lock",
				"${PODS_ROOT}/Manifest.lock",
			);
			name = "[CP] Check Pods Manifest.lock";
			outputPaths = (
				"$(DERIVED_FILE_DIR)/Pods-ConnectUITests-checkManifestLockResult.txt",
			);
			runOnlyForDeploymentPostprocessing = 0;
			shellPath = /bin/sh;
			shellScript = "diff \"${PODS_PODFILE_DIR_PATH}/Podfile.lock\" \"${PODS_ROOT}/Manifest.lock\" > /dev/null\nif [ $? != 0 ] ; then\n    # print error to STDERR\n    echo \"error: The sandbox is not in sync with the Podfile.lock. Run 'pod install' or update your CocoaPods installation.\" >&2\n    exit 1\nfi\n# This output is used by Xcode 'outputs' to avoid re-running this script phase.\necho \"SUCCESS\" > \"${SCRIPT_OUTPUT_FILE_0}\"\n";
			showEnvVarsInLog = 0;
		};
		3C368A57B4F371058B681833 /* [CP] Embed Pods Frameworks */ = {
			isa = PBXShellScriptBuildPhase;
			buildActionMask = 2147483647;
			files = (
			);
			inputPaths = (
				"${SRCROOT}/Pods/Target Support Files/Pods-Connect/Pods-Connect-frameworks.sh",
				"${BUILT_PRODUCTS_DIR}/CodableFirebase/CodableFirebase.framework",
				"${BUILT_PRODUCTS_DIR}/GTMSessionFetcher/GTMSessionFetcher.framework",
				"${BUILT_PRODUCTS_DIR}/GoogleUtilities/GoogleUtilities.framework",
				"${BUILT_PRODUCTS_DIR}/IQKeyboardManagerSwift/IQKeyboardManagerSwift.framework",
				"${BUILT_PRODUCTS_DIR}/leveldb-library/leveldb.framework",
				"${BUILT_PRODUCTS_DIR}/nanopb/nanopb.framework",
			);
			name = "[CP] Embed Pods Frameworks";
			outputPaths = (
				"${TARGET_BUILD_DIR}/${FRAMEWORKS_FOLDER_PATH}/CodableFirebase.framework",
				"${TARGET_BUILD_DIR}/${FRAMEWORKS_FOLDER_PATH}/GTMSessionFetcher.framework",
				"${TARGET_BUILD_DIR}/${FRAMEWORKS_FOLDER_PATH}/GoogleUtilities.framework",
				"${TARGET_BUILD_DIR}/${FRAMEWORKS_FOLDER_PATH}/IQKeyboardManagerSwift.framework",
				"${TARGET_BUILD_DIR}/${FRAMEWORKS_FOLDER_PATH}/leveldb.framework",
				"${TARGET_BUILD_DIR}/${FRAMEWORKS_FOLDER_PATH}/nanopb.framework",
			);
			runOnlyForDeploymentPostprocessing = 0;
			shellPath = /bin/sh;
			shellScript = "\"${SRCROOT}/Pods/Target Support Files/Pods-Connect/Pods-Connect-frameworks.sh\"\n";
			showEnvVarsInLog = 0;
		};
		DD058302D0395F8A96B7319B /* [CP] Check Pods Manifest.lock */ = {
			isa = PBXShellScriptBuildPhase;
			buildActionMask = 2147483647;
			files = (
			);
			inputPaths = (
				"${PODS_PODFILE_DIR_PATH}/Podfile.lock",
				"${PODS_ROOT}/Manifest.lock",
			);
			name = "[CP] Check Pods Manifest.lock";
			outputPaths = (
				"$(DERIVED_FILE_DIR)/Pods-Connect-checkManifestLockResult.txt",
			);
			runOnlyForDeploymentPostprocessing = 0;
			shellPath = /bin/sh;
			shellScript = "diff \"${PODS_PODFILE_DIR_PATH}/Podfile.lock\" \"${PODS_ROOT}/Manifest.lock\" > /dev/null\nif [ $? != 0 ] ; then\n    # print error to STDERR\n    echo \"error: The sandbox is not in sync with the Podfile.lock. Run 'pod install' or update your CocoaPods installation.\" >&2\n    exit 1\nfi\n# This output is used by Xcode 'outputs' to avoid re-running this script phase.\necho \"SUCCESS\" > \"${SCRIPT_OUTPUT_FILE_0}\"\n";
			showEnvVarsInLog = 0;
		};
/* End PBXShellScriptBuildPhase section */

/* Begin PBXSourcesBuildPhase section */
		0F22677A221DFEA60052BB21 /* Sources */ = {
			isa = PBXSourcesBuildPhase;
			buildActionMask = 2147483647;
			files = (
				0F226784221DFEA60052BB21 /* ViewController.swift in Sources */,
				0F0B10832225950C00664D7D /* MessagesViewController.swift in Sources */,
				0F0B10852225956300664D7D /* SearchViewController.swift in Sources */,
				0F2267B6221E7A230052BB21 /* SignupVC.swift in Sources */,
				0F226782221DFEA60052BB21 /* AppDelegate.swift in Sources */,
				0F0B10892225EA6500664D7D /* CreateGroupVC.swift in Sources */,
				0F0B10812225949900664D7D /* TabBarController.swift in Sources */,
				0F1203E0222912F900BA0DAC /* MessagesModel.swift in Sources */,
				0F2267B4221E00A20052BB21 /* LoginVC.swift in Sources */,
				0F1203E22229246800BA0DAC /* Utils.swift in Sources */,
				0F5372532244DCD50011683C /* NotesVC.swift in Sources */,
				0F22678A221DFEA60052BB21 /* Connect.xcdatamodeld in Sources */,
				0F1203DA222822D600BA0DAC /* AddUserVC.swift in Sources */,
				0F4D661E225722630071EE94 /* ToDoListVC.swift in Sources */,
				0F1203D82227C96400BA0DAC /* GroupsModel.swift in Sources */,
				0F0B10872225957100664D7D /* SettingsViewController.swift in Sources */,
				0F1203DE222864CE00BA0DAC /* ChatScreenVC.swift in Sources */,
				0F4D66212257885A0071EE94 /* ToDoModel.swift in Sources */,
				0F0B108C2227214600664D7D /* UserModel.swift in Sources */,
				0F1203DC2228405D00BA0DAC /* ChatMessageCells.swift in Sources */,
			);
			runOnlyForDeploymentPostprocessing = 0;
		};
		0F226791221DFEA80052BB21 /* Sources */ = {
			isa = PBXSourcesBuildPhase;
			buildActionMask = 2147483647;
			files = (
				0F22679A221DFEA80052BB21 /* ConnectTests.swift in Sources */,
			);
			runOnlyForDeploymentPostprocessing = 0;
		};
		0F22679C221DFEA80052BB21 /* Sources */ = {
			isa = PBXSourcesBuildPhase;
			buildActionMask = 2147483647;
			files = (
				0F2267A5221DFEA80052BB21 /* ConnectUITests.swift in Sources */,
			);
			runOnlyForDeploymentPostprocessing = 0;
		};
/* End PBXSourcesBuildPhase section */

/* Begin PBXTargetDependency section */
		0F226797221DFEA80052BB21 /* PBXTargetDependency */ = {
			isa = PBXTargetDependency;
			target = 0F22677D221DFEA60052BB21 /* Connect */;
			targetProxy = 0F226796221DFEA80052BB21 /* PBXContainerItemProxy */;
		};
		0F2267A2221DFEA80052BB21 /* PBXTargetDependency */ = {
			isa = PBXTargetDependency;
			target = 0F22677D221DFEA60052BB21 /* Connect */;
			targetProxy = 0F2267A1221DFEA80052BB21 /* PBXContainerItemProxy */;
		};
/* End PBXTargetDependency section */

/* Begin PBXVariantGroup section */
		0F226785221DFEA60052BB21 /* Main.storyboard */ = {
			isa = PBXVariantGroup;
			children = (
				0F226786221DFEA60052BB21 /* Base */,
			);
			name = Main.storyboard;
			sourceTree = "<group>";
		};
		0F22678D221DFEA80052BB21 /* LaunchScreen.storyboard */ = {
			isa = PBXVariantGroup;
			children = (
				0F22678E221DFEA80052BB21 /* Base */,
			);
			name = LaunchScreen.storyboard;
			sourceTree = "<group>";
		};
/* End PBXVariantGroup section */

/* Begin XCBuildConfiguration section */
		0F2267A7221DFEA80052BB21 /* Debug */ = {
			isa = XCBuildConfiguration;
			buildSettings = {
				ALWAYS_SEARCH_USER_PATHS = NO;
				CLANG_ANALYZER_NONNULL = YES;
				CLANG_ANALYZER_NUMBER_OBJECT_CONVERSION = YES_AGGRESSIVE;
				CLANG_CXX_LANGUAGE_STANDARD = "gnu++14";
				CLANG_CXX_LIBRARY = "libc++";
				CLANG_ENABLE_MODULES = YES;
				CLANG_ENABLE_OBJC_ARC = YES;
				CLANG_ENABLE_OBJC_WEAK = YES;
				CLANG_WARN_BLOCK_CAPTURE_AUTORELEASING = YES;
				CLANG_WARN_BOOL_CONVERSION = YES;
				CLANG_WARN_COMMA = YES;
				CLANG_WARN_CONSTANT_CONVERSION = YES;
				CLANG_WARN_DEPRECATED_OBJC_IMPLEMENTATIONS = YES;
				CLANG_WARN_DIRECT_OBJC_ISA_USAGE = YES_ERROR;
				CLANG_WARN_DOCUMENTATION_COMMENTS = YES;
				CLANG_WARN_EMPTY_BODY = YES;
				CLANG_WARN_ENUM_CONVERSION = YES;
				CLANG_WARN_INFINITE_RECURSION = YES;
				CLANG_WARN_INT_CONVERSION = YES;
				CLANG_WARN_NON_LITERAL_NULL_CONVERSION = YES;
				CLANG_WARN_OBJC_IMPLICIT_RETAIN_SELF = YES;
				CLANG_WARN_OBJC_LITERAL_CONVERSION = YES;
				CLANG_WARN_OBJC_ROOT_CLASS = YES_ERROR;
				CLANG_WARN_RANGE_LOOP_ANALYSIS = YES;
				CLANG_WARN_STRICT_PROTOTYPES = YES;
				CLANG_WARN_SUSPICIOUS_MOVE = YES;
				CLANG_WARN_UNGUARDED_AVAILABILITY = YES_AGGRESSIVE;
				CLANG_WARN_UNREACHABLE_CODE = YES;
				CLANG_WARN__DUPLICATE_METHOD_MATCH = YES;
				CODE_SIGN_IDENTITY = "iPhone Developer";
				COPY_PHASE_STRIP = NO;
				DEBUG_INFORMATION_FORMAT = dwarf;
				ENABLE_STRICT_OBJC_MSGSEND = YES;
				ENABLE_TESTABILITY = YES;
				GCC_C_LANGUAGE_STANDARD = gnu11;
				GCC_DYNAMIC_NO_PIC = NO;
				GCC_NO_COMMON_BLOCKS = YES;
				GCC_OPTIMIZATION_LEVEL = 0;
				GCC_PREPROCESSOR_DEFINITIONS = (
					"DEBUG=1",
					"$(inherited)",
				);
				GCC_WARN_64_TO_32_BIT_CONVERSION = YES;
				GCC_WARN_ABOUT_RETURN_TYPE = YES_ERROR;
				GCC_WARN_UNDECLARED_SELECTOR = YES;
				GCC_WARN_UNINITIALIZED_AUTOS = YES_AGGRESSIVE;
				GCC_WARN_UNUSED_FUNCTION = YES;
				GCC_WARN_UNUSED_VARIABLE = YES;
				IPHONEOS_DEPLOYMENT_TARGET = 12.0;
				MTL_ENABLE_DEBUG_INFO = INCLUDE_SOURCE;
				MTL_FAST_MATH = YES;
				ONLY_ACTIVE_ARCH = YES;
				SDKROOT = iphoneos;
				SWIFT_ACTIVE_COMPILATION_CONDITIONS = DEBUG;
				SWIFT_OPTIMIZATION_LEVEL = "-Onone";
			};
			name = Debug;
		};
		0F2267A8221DFEA80052BB21 /* Release */ = {
			isa = XCBuildConfiguration;
			buildSettings = {
				ALWAYS_SEARCH_USER_PATHS = NO;
				CLANG_ANALYZER_NONNULL = YES;
				CLANG_ANALYZER_NUMBER_OBJECT_CONVERSION = YES_AGGRESSIVE;
				CLANG_CXX_LANGUAGE_STANDARD = "gnu++14";
				CLANG_CXX_LIBRARY = "libc++";
				CLANG_ENABLE_MODULES = YES;
				CLANG_ENABLE_OBJC_ARC = YES;
				CLANG_ENABLE_OBJC_WEAK = YES;
				CLANG_WARN_BLOCK_CAPTURE_AUTORELEASING = YES;
				CLANG_WARN_BOOL_CONVERSION = YES;
				CLANG_WARN_COMMA = YES;
				CLANG_WARN_CONSTANT_CONVERSION = YES;
				CLANG_WARN_DEPRECATED_OBJC_IMPLEMENTATIONS = YES;
				CLANG_WARN_DIRECT_OBJC_ISA_USAGE = YES_ERROR;
				CLANG_WARN_DOCUMENTATION_COMMENTS = YES;
				CLANG_WARN_EMPTY_BODY = YES;
				CLANG_WARN_ENUM_CONVERSION = YES;
				CLANG_WARN_INFINITE_RECURSION = YES;
				CLANG_WARN_INT_CONVERSION = YES;
				CLANG_WARN_NON_LITERAL_NULL_CONVERSION = YES;
				CLANG_WARN_OBJC_IMPLICIT_RETAIN_SELF = YES;
				CLANG_WARN_OBJC_LITERAL_CONVERSION = YES;
				CLANG_WARN_OBJC_ROOT_CLASS = YES_ERROR;
				CLANG_WARN_RANGE_LOOP_ANALYSIS = YES;
				CLANG_WARN_STRICT_PROTOTYPES = YES;
				CLANG_WARN_SUSPICIOUS_MOVE = YES;
				CLANG_WARN_UNGUARDED_AVAILABILITY = YES_AGGRESSIVE;
				CLANG_WARN_UNREACHABLE_CODE = YES;
				CLANG_WARN__DUPLICATE_METHOD_MATCH = YES;
				CODE_SIGN_IDENTITY = "iPhone Developer";
				COPY_PHASE_STRIP = NO;
				DEBUG_INFORMATION_FORMAT = "dwarf-with-dsym";
				ENABLE_NS_ASSERTIONS = NO;
				ENABLE_STRICT_OBJC_MSGSEND = YES;
				GCC_C_LANGUAGE_STANDARD = gnu11;
				GCC_NO_COMMON_BLOCKS = YES;
				GCC_WARN_64_TO_32_BIT_CONVERSION = YES;
				GCC_WARN_ABOUT_RETURN_TYPE = YES_ERROR;
				GCC_WARN_UNDECLARED_SELECTOR = YES;
				GCC_WARN_UNINITIALIZED_AUTOS = YES_AGGRESSIVE;
				GCC_WARN_UNUSED_FUNCTION = YES;
				GCC_WARN_UNUSED_VARIABLE = YES;
				IPHONEOS_DEPLOYMENT_TARGET = 12.0;
				MTL_ENABLE_DEBUG_INFO = NO;
				MTL_FAST_MATH = YES;
				SDKROOT = iphoneos;
				SWIFT_COMPILATION_MODE = wholemodule;
				SWIFT_OPTIMIZATION_LEVEL = "-O";
				VALIDATE_PRODUCT = YES;
			};
			name = Release;
		};
		0F2267AA221DFEA80052BB21 /* Debug */ = {
			isa = XCBuildConfiguration;
			baseConfigurationReference = 6DFC0D6E02482AD532A1DA44 /* Pods-Connect.debug.xcconfig */;
			buildSettings = {
				ASSETCATALOG_COMPILER_APPICON_NAME = AppIcon;
				CODE_SIGN_STYLE = Automatic;
				DEVELOPMENT_TEAM = GFXBHE9YLC;
				INFOPLIST_FILE = Connect/Info.plist;
				IPHONEOS_DEPLOYMENT_TARGET = 11.0;
				LD_RUNPATH_SEARCH_PATHS = (
					"$(inherited)",
					"@executable_path/Frameworks",
				);
				PRODUCT_BUNDLE_IDENTIFIER = com.subhampadhi.Connect;
				PRODUCT_NAME = "$(TARGET_NAME)";
				SWIFT_VERSION = 4.2;
				TARGETED_DEVICE_FAMILY = "1,2";
			};
			name = Debug;
		};
		0F2267AB221DFEA80052BB21 /* Release */ = {
			isa = XCBuildConfiguration;
			baseConfigurationReference = 51CB5E7B8B7EDD6A7B3C7B21 /* Pods-Connect.release.xcconfig */;
			buildSettings = {
				ASSETCATALOG_COMPILER_APPICON_NAME = AppIcon;
				CODE_SIGN_STYLE = Automatic;
				DEVELOPMENT_TEAM = GFXBHE9YLC;
				INFOPLIST_FILE = Connect/Info.plist;
				IPHONEOS_DEPLOYMENT_TARGET = 11.0;
				LD_RUNPATH_SEARCH_PATHS = (
					"$(inherited)",
					"@executable_path/Frameworks",
				);
				PRODUCT_BUNDLE_IDENTIFIER = com.subhampadhi.Connect;
				PRODUCT_NAME = "$(TARGET_NAME)";
				SWIFT_VERSION = 4.2;
				TARGETED_DEVICE_FAMILY = "1,2";
			};
			name = Release;
		};
		0F2267AD221DFEA80052BB21 /* Debug */ = {
			isa = XCBuildConfiguration;
			baseConfigurationReference = ABCE94518AB2E913DCFDA1A2 /* Pods-ConnectTests.debug.xcconfig */;
			buildSettings = {
				ALWAYS_EMBED_SWIFT_STANDARD_LIBRARIES = YES;
				BUNDLE_LOADER = "$(TEST_HOST)";
				CODE_SIGN_STYLE = Automatic;
				INFOPLIST_FILE = ConnectTests/Info.plist;
				LD_RUNPATH_SEARCH_PATHS = (
					"$(inherited)",
					"@executable_path/Frameworks",
					"@loader_path/Frameworks",
				);
				PRODUCT_BUNDLE_IDENTIFIER = com.subhampadhi.ConnectTests;
				PRODUCT_NAME = "$(TARGET_NAME)";
				SWIFT_VERSION = 4.2;
				TARGETED_DEVICE_FAMILY = "1,2";
				TEST_HOST = "$(BUILT_PRODUCTS_DIR)/Connect.app/Connect";
			};
			name = Debug;
		};
		0F2267AE221DFEA80052BB21 /* Release */ = {
			isa = XCBuildConfiguration;
			baseConfigurationReference = F04110C0FF1DA9AD248FFD8D /* Pods-ConnectTests.release.xcconfig */;
			buildSettings = {
				ALWAYS_EMBED_SWIFT_STANDARD_LIBRARIES = YES;
				BUNDLE_LOADER = "$(TEST_HOST)";
				CODE_SIGN_STYLE = Automatic;
				INFOPLIST_FILE = ConnectTests/Info.plist;
				LD_RUNPATH_SEARCH_PATHS = (
					"$(inherited)",
					"@executable_path/Frameworks",
					"@loader_path/Frameworks",
				);
				PRODUCT_BUNDLE_IDENTIFIER = com.subhampadhi.ConnectTests;
				PRODUCT_NAME = "$(TARGET_NAME)";
				SWIFT_VERSION = 4.2;
				TARGETED_DEVICE_FAMILY = "1,2";
				TEST_HOST = "$(BUILT_PRODUCTS_DIR)/Connect.app/Connect";
			};
			name = Release;
		};
		0F2267B0221DFEA80052BB21 /* Debug */ = {
			isa = XCBuildConfiguration;
			baseConfigurationReference = 53246C6DF1B52BD4E303172B /* Pods-ConnectUITests.debug.xcconfig */;
			buildSettings = {
				ALWAYS_EMBED_SWIFT_STANDARD_LIBRARIES = YES;
				CODE_SIGN_STYLE = Automatic;
				INFOPLIST_FILE = ConnectUITests/Info.plist;
				LD_RUNPATH_SEARCH_PATHS = (
					"$(inherited)",
					"@executable_path/Frameworks",
					"@loader_path/Frameworks",
				);
				PRODUCT_BUNDLE_IDENTIFIER = com.subhampadhi.ConnectUITests;
				PRODUCT_NAME = "$(TARGET_NAME)";
				SWIFT_VERSION = 4.2;
				TARGETED_DEVICE_FAMILY = "1,2";
				TEST_TARGET_NAME = Connect;
			};
			name = Debug;
		};
		0F2267B1221DFEA80052BB21 /* Release */ = {
			isa = XCBuildConfiguration;
			baseConfigurationReference = 86E2C19454456E4FA7FDCD74 /* Pods-ConnectUITests.release.xcconfig */;
			buildSettings = {
				ALWAYS_EMBED_SWIFT_STANDARD_LIBRARIES = YES;
				CODE_SIGN_STYLE = Automatic;
				INFOPLIST_FILE = ConnectUITests/Info.plist;
				LD_RUNPATH_SEARCH_PATHS = (
					"$(inherited)",
					"@executable_path/Frameworks",
					"@loader_path/Frameworks",
				);
				PRODUCT_BUNDLE_IDENTIFIER = com.subhampadhi.ConnectUITests;
				PRODUCT_NAME = "$(TARGET_NAME)";
				SWIFT_VERSION = 4.2;
				TARGETED_DEVICE_FAMILY = "1,2";
				TEST_TARGET_NAME = Connect;
			};
			name = Release;
		};
/* End XCBuildConfiguration section */

/* Begin XCConfigurationList section */
		0F226779221DFEA60052BB21 /* Build configuration list for PBXProject "Connect" */ = {
			isa = XCConfigurationList;
			buildConfigurations = (
				0F2267A7221DFEA80052BB21 /* Debug */,
				0F2267A8221DFEA80052BB21 /* Release */,
			);
			defaultConfigurationIsVisible = 0;
			defaultConfigurationName = Release;
		};
		0F2267A9221DFEA80052BB21 /* Build configuration list for PBXNativeTarget "Connect" */ = {
			isa = XCConfigurationList;
			buildConfigurations = (
				0F2267AA221DFEA80052BB21 /* Debug */,
				0F2267AB221DFEA80052BB21 /* Release */,
			);
			defaultConfigurationIsVisible = 0;
			defaultConfigurationName = Release;
		};
		0F2267AC221DFEA80052BB21 /* Build configuration list for PBXNativeTarget "ConnectTests" */ = {
			isa = XCConfigurationList;
			buildConfigurations = (
				0F2267AD221DFEA80052BB21 /* Debug */,
				0F2267AE221DFEA80052BB21 /* Release */,
			);
			defaultConfigurationIsVisible = 0;
			defaultConfigurationName = Release;
		};
		0F2267AF221DFEA80052BB21 /* Build configuration list for PBXNativeTarget "ConnectUITests" */ = {
			isa = XCConfigurationList;
			buildConfigurations = (
				0F2267B0221DFEA80052BB21 /* Debug */,
				0F2267B1221DFEA80052BB21 /* Release */,
			);
			defaultConfigurationIsVisible = 0;
			defaultConfigurationName = Release;
		};
/* End XCConfigurationList section */

/* Begin XCVersionGroup section */
		0F226788221DFEA60052BB21 /* Connect.xcdatamodeld */ = {
			isa = XCVersionGroup;
			children = (
				0F226789221DFEA60052BB21 /* Connect.xcdatamodel */,
			);
			currentVersion = 0F226789221DFEA60052BB21 /* Connect.xcdatamodel */;
			path = Connect.xcdatamodeld;
			sourceTree = "<group>";
			versionGroupType = wrapper.xcdatamodel;
		};
/* End XCVersionGroup section */
	};
	rootObject = 0F226776221DFEA60052BB21 /* Project object */;
}
